# THIS IS AN AUTOGENERATED FILE. DO NOT EDIT THIS FILE DIRECTLY.
# yarn lockfile v1


"@turf/bbox@*":
  version "6.0.1"
  resolved "https://registry.npmjs.org/@turf/bbox/-/bbox-6.0.1.tgz#b966075771475940ee1c16be2a12cf389e6e923a"
  dependencies:
    "@turf/helpers" "6.x"
    "@turf/meta" "6.x"

"@turf/bbox@^5.1.5":
  version "5.1.5"
  resolved "https://registry.npmjs.org/@turf/bbox/-/bbox-5.1.5.tgz#3051df514ad4c50f4a4f9b8a2d15fd8b6840eda3"
  dependencies:
    "@turf/helpers" "^5.1.5"
    "@turf/meta" "^5.1.5"

"@turf/bearing@^5.1.5":
  version "5.1.5"
  resolved "https://registry.npmjs.org/@turf/bearing/-/bearing-5.1.5.tgz#7a0b790136c4ef4797f0246305d45cbe2d27b3f7"
  dependencies:
    "@turf/helpers" "^5.1.5"
    "@turf/invariant" "^5.1.5"

"@turf/destination@^5.1.5":
  version "5.1.5"
  resolved "https://registry.npmjs.org/@turf/destination/-/destination-5.1.5.tgz#ed35381bdce83bbddcbd07a2e2bce2bddffbcc26"
  dependencies:
    "@turf/helpers" "^5.1.5"
    "@turf/invariant" "^5.1.5"

"@turf/distance@6.x":
  version "6.0.1"
  resolved "https://registry.npmjs.org/@turf/distance/-/distance-6.0.1.tgz#0761f28784286e7865a427c4e7e3593569c2dea8"
  dependencies:
    "@turf/helpers" "6.x"
    "@turf/invariant" "6.x"

"@turf/distance@^5.1.5":
  version "5.1.5"
  resolved "https://registry.npmjs.org/@turf/distance/-/distance-5.1.5.tgz#39cf18204bbf87587d707e609a60118909156409"
  dependencies:
    "@turf/helpers" "^5.1.5"
    "@turf/invariant" "^5.1.5"

"@turf/helpers@*", "@turf/helpers@6.x", "@turf/helpers@^6.1.4":
  version "6.1.4"
  resolved "https://registry.npmjs.org/@turf/helpers/-/helpers-6.1.4.tgz#d6fd7ebe6782dd9c87dca5559bda5c48ae4c3836"

"@turf/helpers@^5.1.5":
  version "5.1.5"
  resolved "https://registry.npmjs.org/@turf/helpers/-/helpers-5.1.5.tgz#153405227ab933d004a5bb9641a9ed999fcbe0cf"

"@turf/invariant@6.x":
  version "6.1.2"
  resolved "https://registry.npmjs.org/@turf/invariant/-/invariant-6.1.2.tgz#6013ed6219f9ac2edada9b31e1dfa5918eb0a2f7"
  dependencies:
    "@turf/helpers" "6.x"

"@turf/invariant@^5.1.5":
  version "5.2.0"
  resolved "https://registry.npmjs.org/@turf/invariant/-/invariant-5.2.0.tgz#f0150ff7290b38577b73d088b7932c1ee0aa90a7"
  dependencies:
    "@turf/helpers" "^5.1.5"

"@turf/length@^6.0.2":
  version "6.0.2"
  resolved "https://registry.npmjs.org/@turf/length/-/length-6.0.2.tgz#22d91a6d0174e862a3614865613f1aceb1162dac"
  dependencies:
    "@turf/distance" "6.x"
    "@turf/helpers" "6.x"
    "@turf/meta" "6.x"

"@turf/line-intersect@^5.1.5":
  version "5.1.5"
  resolved "https://registry.npmjs.org/@turf/line-intersect/-/line-intersect-5.1.5.tgz#0e29071ae403295e491723bc49f5cfac8d11ddf3"
  dependencies:
    "@turf/helpers" "^5.1.5"
    "@turf/invariant" "^5.1.5"
    "@turf/line-segment" "^5.1.5"
    "@turf/meta" "^5.1.5"
    geojson-rbush "2.1.0"

"@turf/line-intersect@^6.0.2":
  version "6.0.2"
  resolved "https://registry.npmjs.org/@turf/line-intersect/-/line-intersect-6.0.2.tgz#b45b7a4e7e08c39a0e4e91099580ed377ef7335f"
  dependencies:
    "@turf/helpers" "6.x"
    "@turf/invariant" "6.x"
    "@turf/line-segment" "6.x"
    "@turf/meta" "6.x"
    geojson-rbush "3.x"

"@turf/line-segment@6.x":
  version "6.0.2"
  resolved "https://registry.npmjs.org/@turf/line-segment/-/line-segment-6.0.2.tgz#e280bcde70d28b694028ec1623dc406c928e59b6"
  dependencies:
    "@turf/helpers" "6.x"
    "@turf/invariant" "6.x"
    "@turf/meta" "6.x"

"@turf/line-segment@^5.1.5":
  version "5.1.5"
  resolved "https://registry.npmjs.org/@turf/line-segment/-/line-segment-5.1.5.tgz#3207aaee546ab24c3d8dc3cc63f91c770b8013e5"
  dependencies:
    "@turf/helpers" "^5.1.5"
    "@turf/invariant" "^5.1.5"
    "@turf/meta" "^5.1.5"

"@turf/line-slice@^5.1.5":
  version "5.1.5"
  resolved "https://registry.npmjs.org/@turf/line-slice/-/line-slice-5.1.5.tgz#1ecfce1462a378579754cedf4464cde26829f2b5"
  dependencies:
    "@turf/helpers" "^5.1.5"
    "@turf/invariant" "^5.1.5"
    "@turf/nearest-point-on-line" "^5.1.5"

"@turf/line-split@^5.1.5":
  version "5.1.5"
  resolved "https://registry.npmjs.org/@turf/line-split/-/line-split-5.1.5.tgz#5b2df4c37619b72ef725b5163cf9926d5540acb7"
  dependencies:
    "@turf/bbox" "^5.1.5"
    "@turf/helpers" "^5.1.5"
    "@turf/invariant" "^5.1.5"
    "@turf/line-intersect" "^5.1.5"
    "@turf/line-segment" "^5.1.5"
    "@turf/meta" "^5.1.5"
    "@turf/nearest-point-on-line" "^5.1.5"
    "@turf/square" "^5.1.5"
    "@turf/truncate" "^5.1.5"
    geojson-rbush "2.1.0"

"@turf/meta@*", "@turf/meta@6.x":
  version "6.0.2"
  resolved "https://registry.npmjs.org/@turf/meta/-/meta-6.0.2.tgz#eb92951126d24a613ac1b7b99d733fcc20fd30cf"
  dependencies:
    "@turf/helpers" "6.x"

"@turf/meta@^5.1.5":
  version "5.2.0"
  resolved "https://registry.npmjs.org/@turf/meta/-/meta-5.2.0.tgz#3b1ad485ee0c3b0b1775132a32c384d53e4ba53d"
  dependencies:
    "@turf/helpers" "^5.1.5"

"@turf/nearest-point-on-line@^5.1.5":
  version "5.1.5"
  resolved "https://registry.npmjs.org/@turf/nearest-point-on-line/-/nearest-point-on-line-5.1.5.tgz#5606ae297f15947524bea51a2a9ef51ec1bf9c36"
  dependencies:
    "@turf/bearing" "^5.1.5"
    "@turf/destination" "^5.1.5"
    "@turf/distance" "^5.1.5"
    "@turf/helpers" "^5.1.5"
    "@turf/invariant" "^5.1.5"
    "@turf/line-intersect" "^5.1.5"
    "@turf/meta" "^5.1.5"

"@turf/square@^5.1.5":
  version "5.1.5"
  resolved "https://registry.npmjs.org/@turf/square/-/square-5.1.5.tgz#aa7b21e6033cc9252c3a5bd6f3d88dabd6fed180"
  dependencies:
    "@turf/distance" "^5.1.5"
    "@turf/helpers" "^5.1.5"

"@turf/truncate@^5.1.5":
  version "5.1.5"
  resolved "https://registry.npmjs.org/@turf/truncate/-/truncate-5.1.5.tgz#9eedfb3b18ba81f2c98d3ead09431cca1884ad89"
  dependencies:
    "@turf/helpers" "^5.1.5"
    "@turf/meta" "^5.1.5"

"@types/node@^12.12.14":
  version "12.12.14"
  resolved "https://registry.npmjs.org/@types/node/-/node-12.12.14.tgz#1c1d6e3c75dba466e0326948d56e8bd72a1903d2"

arg@^4.1.0:
  version "4.1.2"
  resolved "https://registry.npmjs.org/arg/-/arg-4.1.2.tgz#e70c90579e02c63d80e3ad4e31d8bfdb8bd50064"

buffer-from@^1.0.0:
  version "1.1.1"
  resolved "https://registry.npmjs.org/buffer-from/-/buffer-from-1.1.1.tgz#32713bc028f75c02fdb710d7c7bcec1f2c6070ef"

diff@^4.0.1:
  version "4.0.1"
  resolved "https://registry.npmjs.org/diff/-/diff-4.0.1.tgz#0c667cb467ebbb5cea7f14f135cc2dba7780a8ff"

geojson-rbush@2.1.0:
  version "2.1.0"
  resolved "https://registry.npmjs.org/geojson-rbush/-/geojson-rbush-2.1.0.tgz#3bd73be391fc10b0ae693d9b8acea2aae0b83a8d"
  dependencies:
    "@turf/helpers" "*"
    "@turf/meta" "*"
    rbush "*"

geojson-rbush@3.x:
  version "3.1.2"
  resolved "https://registry.npmjs.org/geojson-rbush/-/geojson-rbush-3.1.2.tgz#577d6ec70ba986d4e60b741f1df5147faeb82c97"
  dependencies:
    "@turf/bbox" "*"
    "@turf/helpers" "6.x"
    "@turf/meta" "6.x"
    rbush "^2.0.0"

make-error@^1.1.1:
  version "1.3.5"
  resolved "https://registry.npmjs.org/make-error/-/make-error-1.3.5.tgz#efe4e81f6db28cadd605c70f29c831b58ef776c8"

quickselect@^1.0.1:
  version "1.1.1"
  resolved "https://registry.npmjs.org/quickselect/-/quickselect-1.1.1.tgz#852e412ce418f237ad5b660d70cffac647ae94c2"

quickselect@^2.0.0:
  version "2.0.0"
  resolved "https://registry.npmjs.org/quickselect/-/quickselect-2.0.0.tgz#f19680a486a5eefb581303e023e98faaf25dd018"

rbush@*:
  version "3.0.1"
  resolved "https://registry.npmjs.org/rbush/-/rbush-3.0.1.tgz#5fafa8a79b3b9afdfe5008403a720cc1de882ecf"
  dependencies:
    quickselect "^2.0.0"

rbush@^2.0.0:
  version "2.0.2"
  resolved "https://registry.npmjs.org/rbush/-/rbush-2.0.2.tgz#bb6005c2731b7ba1d5a9a035772927d16a614605"
  dependencies:
    quickselect "^1.0.1"

source-map-support@^0.5.6:
  version "0.5.16"
  resolved "https://registry.npmjs.org/source-map-support/-/source-map-support-0.5.16.tgz#0ae069e7fe3ba7538c64c98515e35339eac5a042"
  dependencies:
    buffer-from "^1.0.0"
    source-map "^0.6.0"

source-map@^0.6.0:
  version "0.6.1"
  resolved "https://registry.npmjs.org/source-map/-/source-map-0.6.1.tgz#74722af32e9614e9c287a8d0bbde48b5e2f1a263"

ts-node@^8.5.4:
  version "8.5.4"
  resolved "https://registry.npmjs.org/ts-node/-/ts-node-8.5.4.tgz#a152add11fa19c221d0b48962c210cf467262ab2"
  dependencies:
    arg "^4.1.0"
    diff "^4.0.1"
    make-error "^1.1.1"
    source-map-support "^0.5.6"
    yn "^3.0.0"

typescript@^3.7.3:
  version "3.7.3"
  resolved "https://registry.npmjs.org/typescript/-/typescript-3.7.3.tgz#b36840668a16458a7025b9eabfad11b66ab85c69"

yn@^3.0.0:
  version "3.1.1"
  resolved "https://registry.npmjs.org/yn/-/yn-3.1.1.tgz#1e87401a09d767c1d5eab26a6e4c185182d2eb50"
